// !$*UTF8*$!
{
	archiveVersion = 1;
	classes = {
	};
	objectVersion = 46;
	objects = {

/* Begin PBXBuildFile section */
		BA1D7A261E7983F4000A4311 /* UIImage+ClipRoundCornerRadius.m in Sources */ = {isa = PBXBuildFile; fileRef = BA1D7A231E7983F4000A4311 /* UIImage+ClipRoundCornerRadius.m */; };
		BA1D7A271E7983F4000A4311 /* UIView+CornerRadius.m in Sources */ = {isa = PBXBuildFile; fileRef = BA1D7A251E7983F4000A4311 /* UIView+CornerRadius.m */; };
		BA1E61341E782D2B004AF7DD /* main.m in Sources */ = {isa = PBXBuildFile; fileRef = BA1E61331E782D2B004AF7DD /* main.m */; };
		BA1E61371E782D2B004AF7DD /* AppDelegate.m in Sources */ = {isa = PBXBuildFile; fileRef = BA1E61361E782D2B004AF7DD /* AppDelegate.m */; };
		BA1E613A1E782D2B004AF7DD /* ViewController.m in Sources */ = {isa = PBXBuildFile; fileRef = BA1E61391E782D2B004AF7DD /* ViewController.m */; };
		BA1E613D1E782D2B004AF7DD /* Main.storyboard in Resources */ = {isa = PBXBuildFile; fileRef = BA1E613B1E782D2B004AF7DD /* Main.storyboard */; };
		BA1E613F1E782D2B004AF7DD /* Assets.xcassets in Resources */ = {isa = PBXBuildFile; fileRef = BA1E613E1E782D2B004AF7DD /* Assets.xcassets */; };
		BA1E61421E782D2B004AF7DD /* LaunchScreen.storyboard in Resources */ = {isa = PBXBuildFile; fileRef = BA1E61401E782D2B004AF7DD /* LaunchScreen.storyboard */; };
		BA1E614B1E782D40004AF7DD /* RuntimeKit.m in Sources */ = {isa = PBXBuildFile; fileRef = BA1E614A1E782D40004AF7DD /* RuntimeKit.m */; };
/* End PBXBuildFile section */

/* Begin PBXFileReference section */
		BA1D7A221E7983F4000A4311 /* UIImage+ClipRoundCornerRadius.h */ = {isa = PBXFileReference; fileEncoding = 4; lastKnownFileType = sourcecode.c.h; path = "UIImage+ClipRoundCornerRadius.h"; sourceTree = "<group>"; };
		BA1D7A231E7983F4000A4311 /* UIImage+ClipRoundCornerRadius.m */ = {isa = PBXFileReference; fileEncoding = 4; lastKnownFileType = sourcecode.c.objc; path = "UIImage+ClipRoundCornerRadius.m"; sourceTree = "<group>"; };
		BA1D7A241E7983F4000A4311 /* UIView+CornerRadius.h */ = {isa = PBXFileReference; fileEncoding = 4; lastKnownFileType = sourcecode.c.h; path = "UIView+CornerRadius.h"; sourceTree = "<group>"; };
		BA1D7A251E7983F4000A4311 /* UIView+CornerRadius.m */ = {isa = PBXFileReference; fileEncoding = 4; lastKnownFileType = sourcecode.c.objc; path = "UIView+CornerRadius.m"; sourceTree = "<group>"; };
		BA1E612F1E782D2B004AF7DD /* RuntimeKit.app */ = {isa = PBXFileReference; explicitFileType = wrapper.application; includeInIndex = 0; path = RuntimeKit.app; sourceTree = BUILT_PRODUCTS_DIR; };
		BA1E61331E782D2B004AF7DD /* main.m */ = {isa = PBXFileReference; lastKnownFileType = sourcecode.c.objc; path = main.m; sourceTree = "<group>"; };
		BA1E61351E782D2B004AF7DD /* AppDelegate.h */ = {isa = PBXFileReference; lastKnownFileType = sourcecode.c.h; path = AppDelegate.h; sourceTree = "<group>"; };
		BA1E61361E782D2B004AF7DD /* AppDelegate.m */ = {isa = PBXFileReference; lastKnownFileType = sourcecode.c.objc; path = AppDelegate.m; sourceTree = "<group>"; };
		BA1E61381E782D2B004AF7DD /* ViewController.h */ = {isa = PBXFileReference; lastKnownFileType = sourcecode.c.h; path = ViewController.h; sourceTree = "<group>"; };
		BA1E61391E782D2B004AF7DD /* ViewController.m */ = {isa = PBXFileReference; lastKnownFileType = sourcecode.c.objc; path = ViewController.m; sourceTree = "<group>"; };
		BA1E613C1E782D2B004AF7DD /* Base */ = {isa = PBXFileReference; lastKnownFileType = file.storyboard; name = Base; path = Base.lproj/Main.storyboard; sourceTree = "<group>"; };
		BA1E613E1E782D2B004AF7DD /* Assets.xcassets */ = {isa = PBXFileReference; lastKnownFileType = folder.assetcatalog; path = Assets.xcassets; sourceTree = "<group>"; };
		BA1E61411E782D2B004AF7DD /* Base */ = {isa = PBXFileReference; lastKnownFileType = file.storyboard; name = Base; path = Base.lproj/LaunchScreen.storyboard; sourceTree = "<group>"; };
		BA1E61431E782D2B004AF7DD /* Info.plist */ = {isa = PBXFileReference; lastKnownFileType = text.plist.xml; path = Info.plist; sourceTree = "<group>"; };
		BA1E61491E782D40004AF7DD /* RuntimeKit.h */ = {isa = PBXFileReference; fileEncoding = 4; lastKnownFileType = sourcecode.c.h; path = RuntimeKit.h; sourceTree = "<group>"; };
		BA1E614A1E782D40004AF7DD /* RuntimeKit.m */ = {isa = PBXFileReference; fileEncoding = 4; lastKnownFileType = sourcecode.c.objc; path = RuntimeKit.m; sourceTree = "<group>"; };
/* End PBXFileReference section */

/* Begin PBXFrameworksBuildPhase section */
		BA1E612C1E782D2B004AF7DD /* Frameworks */ = {
			isa = PBXFrameworksBuildPhase;
			buildActionMask = 2147483647;
			files = (
			);
			runOnlyForDeploymentPostprocessing = 0;
		};
/* End PBXFrameworksBuildPhase section */

/* Begin PBXGroup section */
		BA1E61261E782D2B004AF7DD = {
			isa = PBXGroup;
			children = (
				BA1E61311E782D2B004AF7DD /* RuntimeKit */,
				BA1E61301E782D2B004AF7DD /* Products */,
			);
			sourceTree = "<group>";
		};
		BA1E61301E782D2B004AF7DD /* Products */ = {
			isa = PBXGroup;
			children = (
				BA1E612F1E782D2B004AF7DD /* RuntimeKit.app */,
			);
			name = Products;
			sourceTree = "<group>";
		};
		BA1E61311E782D2B004AF7DD /* RuntimeKit */ = {
			isa = PBXGroup;
			children = (
				BA1E61351E782D2B004AF7DD /* AppDelegate.h */,
				BA1E61361E782D2B004AF7DD /* AppDelegate.m */,
				BA1E61381E782D2B004AF7DD /* ViewController.h */,
				BA1E61391E782D2B004AF7DD /* ViewController.m */,
				BA1E61491E782D40004AF7DD /* RuntimeKit.h */,
				BA1E614A1E782D40004AF7DD /* RuntimeKit.m */,
				BA1D7A221E7983F4000A4311 /* UIImage+ClipRoundCornerRadius.h */,
				BA1D7A231E7983F4000A4311 /* UIImage+ClipRoundCornerRadius.m */,
				BA1D7A241E7983F4000A4311 /* UIView+CornerRadius.h */,
				BA1D7A251E7983F4000A4311 /* UIView+CornerRadius.m */,
				BA1E613B1E782D2B004AF7DD /* Main.storyboard */,
				BA1E613E1E782D2B004AF7DD /* Assets.xcassets */,
				BA1E61401E782D2B004AF7DD /* LaunchScreen.storyboard */,
				BA1E61431E782D2B004AF7DD /* Info.plist */,
				BA1E61321E782D2B004AF7DD /* Supporting Files */,
			);
			path = RuntimeKit;
			sourceTree = "<group>";
		};
		BA1E61321E782D2B004AF7DD /* Supporting Files */ = {
			isa = PBXGroup;
			children = (
				BA1E61331E782D2B004AF7DD /* main.m */,
			);
			name = "Supporting Files";
			sourceTree = "<group>";
		};
/* End PBXGroup section */

/* Begin PBXNativeTarget section */
		BA1E612E1E782D2B004AF7DD /* RuntimeKit */ = {
			isa = PBXNativeTarget;
			buildConfigurationList = BA1E61461E782D2B004AF7DD /* Build configuration list for PBXNativeTarget "RuntimeKit" */;
			buildPhases = (
				BA1E612B1E782D2B004AF7DD /* Sources */,
				BA1E612C1E782D2B004AF7DD /* Frameworks */,
				BA1E612D1E782D2B004AF7DD /* Resources */,
			);
			buildRules = (
			);
			dependencies = (
			);
			name = RuntimeKit;
			productName = RuntimeKit;
			productReference = BA1E612F1E782D2B004AF7DD /* RuntimeKit.app */;
			productType = "com.apple.product-type.application";
		};
/* End PBXNativeTarget section */

/* Begin PBXProject section */
		BA1E61271E782D2B004AF7DD /* Project object */ = {
			isa = PBXProject;
			attributes = {
				LastUpgradeCheck = 0800;
				ORGANIZATIONNAME = "Zhang-YG";
				TargetAttributes = {
					BA1E612E1E782D2B004AF7DD = {
						CreatedOnToolsVersion = 8.0;
						ProvisioningStyle = Automatic;
					};
				};
			};
			buildConfigurationList = BA1E612A1E782D2B004AF7DD /* Build configuration list for PBXProject "RuntimeKit" */;
			compatibilityVersion = "Xcode 3.2";
			developmentRegion = English;
			hasScannedForEncodings = 0;
			knownRegions = (
				en,
				Base,
			);
			mainGroup = BA1E61261E782D2B004AF7DD;
			productRefGroup = BA1E61301E782D2B004AF7DD /* Products */;
			projectDirPath = "";
			projectRoot = "";
			targets = (
				BA1E612E1E782D2B004AF7DD /* RuntimeKit */,
			);
		};
/* End PBXProject section */

/* Begin PBXResourcesBuildPhase section */
		BA1E612D1E782D2B004AF7DD /* Resources */ = {
			isa = PBXResourcesBuildPhase;
			buildActionMask = 2147483647;
			files = (
				BA1E61421E782D2B004AF7DD /* LaunchScreen.storyboard in Resources */,
				BA1E613F1E782D2B004AF7DD /* Assets.xcassets in Resources */,
				BA1E613D1E782D2B004AF7DD /* Main.storyboard in Resources */,
			);
			runOnlyForDeploymentPostprocessing = 0;
		};
/* End PBXResourcesBuildPhase section */

/* Begin PBXSourcesBuildPhase section */
		BA1E612B1E782D2B004AF7DD /* Sources */ = {
			isa = PBXSourcesBuildPhase;
			buildActionMask = 2147483647;
			files = (
				BA1E613A1E782D2B004AF7DD /* ViewController.m in Sources */,
				BA1D7A271E7983F4000A4311 /* UIView+CornerRadius.m in Sources */,
				BA1E61371E782D2B004AF7DD /* AppDelegate.m in Sources */,
				BA1E61341E782D2B004AF7DD /* main.m in Sources */,
				BA1E614B1E782D40004AF7DD /* RuntimeKit.m in Sources */,
				BA1D7A261E7983F4000A4311 /* UIImage+ClipRoundCornerRadius.m in Sources */,
			);
			runOnlyForDeploymentPostprocessing = 0;
		};
/* End PBXSourcesBuildPhase section */

/* Begin PBXVariantGroup section */
		BA1E613B1E782D2B004AF7DD /* Main.storyboard */ = {
			isa = PBXVariantGroup;
			children = (
				BA1E613C1E782D2B004AF7DD /* Base */,
			);
			name = Main.storyboard;
			sourceTree = "<group>";
		};
		BA1E61401E782D2B004AF7DD /* LaunchScreen.storyboard */ = {
			isa = PBXVariantGroup;
			children = (
				BA1E61411E782D2B004AF7DD /* Base */,
			);
			name = LaunchScreen.storyboard;
			sourceTree = "<group>";
		};
/* End PBXVariantGroup section */

/* Begin XCBuildConfiguration section */
		BA1E61441E782D2B004AF7DD /* Debug */ = {
			isa = XCBuildConfiguration;
			buildSettings = {
				ALWAYS_SEARCH_USER_PATHS = NO;
				CLANG_ANALYZER_NONNULL = YES;
				CLANG_CXX_LANGUAGE_STANDARD = "gnu++0x";
				CLANG_CXX_LIBRARY = "libc++";
				CLANG_ENABLE_MODULES = YES;
				CLANG_ENABLE_OBJC_ARC = YES;
				CLANG_WARN_BOOL_CONVERSION = YES;
				CLANG_WARN_CONSTANT_CONVERSION = YES;
				CLANG_WARN_DIRECT_OBJC_ISA_USAGE = YES_ERROR;
				CLANG_WARN_DOCUMENTATION_COMMENTS = YES;
				CLANG_WARN_EMPTY_BODY = YES;
				CLANG_WARN_ENUM_CONVERSION = YES;
				CLANG_WARN_INFINITE_RECURSION = YES;
				CLANG_WARN_INT_CONVERSION = YES;
				CLANG_WARN_OBJC_ROOT_CLASS = YES_ERROR;
				CLANG_WARN_SUSPICIOUS_MOVES = YES;
				CLANG_WARN_UNREACHABLE_CODE = YES;
				CLANG_WARN__DUPLICATE_METHOD_MATCH = YES;
				"CODE_SIGN_IDENTITY[sdk=iphoneos*]" = "iPhone Developer";
				COPY_PHASE_STRIP = NO;
				DEBUG_INFORMATION_FORMAT = dwarf;
				ENABLE_STRICT_OBJC_MSGSEND = YES;
				ENABLE_TESTABILITY = YES;
				GCC_C_LANGUAGE_STANDARD = gnu99;
				GCC_DYNAMIC_NO_PIC = NO;
				GCC_NO_COMMON_BLOCKS = YES;
				GCC_OPTIMIZATION_LEVEL = 0;
				GCC_PREPROCESSOR_DEFINITIONS = (
					"DEBUG=1",
					"$(inherited)",
				);
				GCC_WARN_64_TO_32_BIT_CONVERSION = YES;
				GCC_WARN_ABOUT_RETURN_TYPE = YES_ERROR;
				GCC_WARN_UNDECLARED_SELECTOR = YES;
				GCC_WARN_UNINITIALIZED_AUTOS = YES_AGGRESSIVE;
				GCC_WARN_UNUSED_FUNCTION = YES;
				GCC_WARN_UNUSED_VARIABLE = YES;
				IPHONEOS_DEPLOYMENT_TARGET = 10.0;
				MTL_ENABLE_DEBUG_INFO = YES;
				ONLY_ACTIVE_ARCH = YES;
				SDKROOT = iphoneos;
				TARGETED_DEVICE_FAMILY = "1,2";
			};
			name = Debug;
		};
		BA1E61451E782D2B004AF7DD /* Release */ = {
			isa = XCBuildConfiguration;
			buildSettings = {
				ALWAYS_SEARCH_USER_PATHS = NO;
				CLANG_ANALYZER_NONNULL = YES;
				CLANG_CXX_LANGUAGE_STANDARD = "gnu++0x";
				CLANG_CXX_LIBRARY = "libc++";
				CLANG_ENABLE_MODULES = YES;
				CLANG_ENABLE_OBJC_ARC = YES;
				CLANG_WARN_BOOL_CONVERSION = YES;
				CLANG_WARN_CONSTANT_CONVERSION = YES;
				CLANG_WARN_DIRECT_OBJC_ISA_USAGE = YES_ERROR;
				CLANG_WARN_DOCUMENTATION_COMMENTS = YES;
				CLANG_WARN_EMPTY_BODY = YES;
				CLANG_WARN_ENUM_CONVERSION = YES;
				CLANG_WARN_INFINITE_RECURSION = YES;
				CLANG_WARN_INT_CONVERSION = YES;
				CLANG_WARN_OBJC_ROOT_CLASS = YES_ERROR;
				CLANG_WARN_SUSPICIOUS_MOVES = YES;
				CLANG_WARN_UNREACHABLE_CODE = YES;
				CLANG_WARN__DUPLICATE_METHOD_MATCH = YES;
				"CODE_SIGN_IDENTITY[sdk=iphoneos*]" = "iPhone Developer";
				COPY_PHASE_STRIP = NO;
				DEBUG_INFORMATION_FORMAT = "dwarf-with-dsym";
				ENABLE_NS_ASSERTIONS = NO;
				ENABLE_STRICT_OBJC_MSGSEND = YES;
				GCC_C_LANGUAGE_STANDARD = gnu99;
				GCC_NO_COMMON_BLOCKS = YES;
				GCC_WARN_64_TO_32_BIT_CONVERSION = YES;
				GCC_WARN_ABOUT_RETURN_TYPE = YES_ERROR;
				GCC_WARN_UNDECLARED_SELECTOR = YES;
				GCC_WARN_UNINITIALIZED_AUTOS = YES_AGGRESSIVE;
				GCC_WARN_UNUSED_FUNCTION = YES;
				GCC_WARN_UNUSED_VARIABLE = YES;
				IPHONEOS_DEPLOYMENT_TARGET = 10.0;
				MTL_ENABLE_DEBUG_INFO = NO;
				SDKROOT = iphoneos;
				TARGETED_DEVICE_FAMILY = "1,2";
				VALIDATE_PRODUCT = YES;
			};
			name = Release;
		};
		BA1E61471E782D2B004AF7DD /* Debug */ = {
			isa = XCBuildConfiguration;
			buildSettings = {
				ASSETCATALOG_COMPILER_APPICON_NAME = AppIcon;
				INFOPLIST_FILE = RuntimeKit/Info.plist;
				LD_RUNPATH_SEARCH_PATHS = "$(inherited) @executable_path/Frameworks";
				PRODUCT_BUNDLE_IDENTIFIER = ZYG.RuntimeKit;
				PRODUCT_NAME = "$(TARGET_NAME)";
			};
			name = Debug;
		};
		BA1E61481E782D2B004AF7DD /* Release */ = {
			isa = XCBuildConfiguration;
			buildSettings = {
				ASSETCATALOG_COMPILER_APPICON_NAME = AppIcon;
				INFOPLIST_FILE = RuntimeKit/Info.plist;
				LD_RUNPATH_SEARCH_PATHS = "$(inherited) @executable_path/Frameworks";
				PRODUCT_BUNDLE_IDENTIFIER = ZYG.RuntimeKit;
				PRODUCT_NAME = "$(TARGET_NAME)";
			};
			name = Release;
		};
/* End XCBuildConfiguration section */

/* Begin XCConfigurationList section */
		BA1E612A1E782D2B004AF7DD /* Build configuration list for PBXProject "RuntimeKit" */ = {
			isa = XCConfigurationList;
			buildConfigurations = (
				BA1E61441E782D2B004AF7DD /* Debug */,
				BA1E61451E782D2B004AF7DD /* Release */,
			);
			defaultConfigurationIsVisible = 0;
			defaultConfigurationName = Release;
		};
		BA1E61461E782D2B004AF7DD /* Build configuration list for PBXNativeTarget "RuntimeKit" */ = {
			isa = XCConfigurationList;
			buildConfigurations = (
				BA1E61471E782D2B004AF7DD /* Debug */,
				BA1E61481E782D2B004AF7DD /* Release */,
			);
			defaultConfigurationIsVisible = 0;
			defaultConfigurationName = Release;
		};
/* End XCConfigurationList section */
	};
	rootObject = BA1E61271E782D2B004AF7DD /* Project object */;
}
